// !$*UTF8*$!
{
	archiveVersion = 1;
	classes = {
	};
	objectVersion = 56;
	objects = {

/* Begin PBXBuildFile section */
		003444802C65D2D4000DEE79 /* ArtWorksApp.swift in Sources */ = {isa = PBXBuildFile; fileRef = 0034447F2C65D2D4000DEE79 /* ArtWorksApp.swift */; };
		003444822C65D2D4000DEE79 /* ContentView.swift in Sources */ = {isa = PBXBuildFile; fileRef = 003444812C65D2D4000DEE79 /* ContentView.swift */; };
		003444842C65D2D6000DEE79 /* Assets.xcassets in Resources */ = {isa = PBXBuildFile; fileRef = 003444832C65D2D6000DEE79 /* Assets.xcassets */; };
		003444872C65D2D6000DEE79 /* Preview Assets.xcassets in Resources */ = {isa = PBXBuildFile; fileRef = 003444862C65D2D6000DEE79 /* Preview Assets.xcassets */; };
		003444912C65D2D6000DEE79 /* ArtWorksTests.swift in Sources */ = {isa = PBXBuildFile; fileRef = 003444902C65D2D6000DEE79 /* ArtWorksTests.swift */; };
		0034449B2C65D2D6000DEE79 /* ArtWorksUITests.swift in Sources */ = {isa = PBXBuildFile; fileRef = 0034449A2C65D2D6000DEE79 /* ArtWorksUITests.swift */; };
		0034449D2C65D2D6000DEE79 /* ArtWorksUITestsLaunchTests.swift in Sources */ = {isa = PBXBuildFile; fileRef = 0034449C2C65D2D6000DEE79 /* ArtWorksUITestsLaunchTests.swift */; };
		003444AE2C68ECA0000DEE79 /* Artwork.swift in Sources */ = {isa = PBXBuildFile; fileRef = 003444AD2C68ECA0000DEE79 /* Artwork.swift */; };
		003444B02C68F0C0000DEE79 /* ArtworkViewModel.swift in Sources */ = {isa = PBXBuildFile; fileRef = 003444AF2C68F0C0000DEE79 /* ArtworkViewModel.swift */; };
		003444B22C690158000DEE79 /* ArtworkView.swift in Sources */ = {isa = PBXBuildFile; fileRef = 003444B12C690158000DEE79 /* ArtworkView.swift */; };
		003444B42C69C954000DEE79 /* ArtworkDetailView.swift in Sources */ = {isa = PBXBuildFile; fileRef = 003444B32C69C954000DEE79 /* ArtworkDetailView.swift */; };
/* End PBXBuildFile section */

/* Begin PBXContainerItemProxy section */
		0034448D2C65D2D6000DEE79 /* PBXContainerItemProxy */ = {
			isa = PBXContainerItemProxy;
			containerPortal = 003444742C65D2D4000DEE79 /* Project object */;
			proxyType = 1;
			remoteGlobalIDString = 0034447B2C65D2D4000DEE79;
			remoteInfo = ArtWorks;
		};
		003444972C65D2D6000DEE79 /* PBXContainerItemProxy */ = {
			isa = PBXContainerItemProxy;
			containerPortal = 003444742C65D2D4000DEE79 /* Project object */;
			proxyType = 1;
			remoteGlobalIDString = 0034447B2C65D2D4000DEE79;
			remoteInfo = ArtWorks;
		};
/* End PBXContainerItemProxy section */

/* Begin PBXFileReference section */
		0034447C2C65D2D4000DEE79 /* ArtWorks.app */ = {isa = PBXFileReference; explicitFileType = wrapper.application; includeInIndex = 0; path = ArtWorks.app; sourceTree = BUILT_PRODUCTS_DIR; };
		0034447F2C65D2D4000DEE79 /* ArtWorksApp.swift */ = {isa = PBXFileReference; lastKnownFileType = sourcecode.swift; path = ArtWorksApp.swift; sourceTree = "<group>"; };
		003444812C65D2D4000DEE79 /* ContentView.swift */ = {isa = PBXFileReference; lastKnownFileType = sourcecode.swift; path = ContentView.swift; sourceTree = "<group>"; };
		003444832C65D2D6000DEE79 /* Assets.xcassets */ = {isa = PBXFileReference; lastKnownFileType = folder.assetcatalog; path = Assets.xcassets; sourceTree = "<group>"; };
		003444862C65D2D6000DEE79 /* Preview Assets.xcassets */ = {isa = PBXFileReference; lastKnownFileType = folder.assetcatalog; path = "Preview Assets.xcassets"; sourceTree = "<group>"; };
		0034448C2C65D2D6000DEE79 /* ArtWorksTests.xctest */ = {isa = PBXFileReference; explicitFileType = wrapper.cfbundle; includeInIndex = 0; path = ArtWorksTests.xctest; sourceTree = BUILT_PRODUCTS_DIR; };
		003444902C65D2D6000DEE79 /* ArtWorksTests.swift */ = {isa = PBXFileReference; lastKnownFileType = sourcecode.swift; path = ArtWorksTests.swift; sourceTree = "<group>"; };
		003444962C65D2D6000DEE79 /* ArtWorksUITests.xctest */ = {isa = PBXFileReference; explicitFileType = wrapper.cfbundle; includeInIndex = 0; path = ArtWorksUITests.xctest; sourceTree = BUILT_PRODUCTS_DIR; };
		0034449A2C65D2D6000DEE79 /* ArtWorksUITests.swift */ = {isa = PBXFileReference; lastKnownFileType = sourcecode.swift; path = ArtWorksUITests.swift; sourceTree = "<group>"; };
		0034449C2C65D2D6000DEE79 /* ArtWorksUITestsLaunchTests.swift */ = {isa = PBXFileReference; lastKnownFileType = sourcecode.swift; path = ArtWorksUITestsLaunchTests.swift; sourceTree = "<group>"; };
		003444AD2C68ECA0000DEE79 /* Artwork.swift */ = {isa = PBXFileReference; lastKnownFileType = sourcecode.swift; path = Artwork.swift; sourceTree = "<group>"; };
		003444AF2C68F0C0000DEE79 /* ArtworkViewModel.swift */ = {isa = PBXFileReference; lastKnownFileType = sourcecode.swift; path = ArtworkViewModel.swift; sourceTree = "<group>"; };
		003444B12C690158000DEE79 /* ArtworkView.swift */ = {isa = PBXFileReference; lastKnownFileType = sourcecode.swift; path = ArtworkView.swift; sourceTree = "<group>"; };
		003444B32C69C954000DEE79 /* ArtworkDetailView.swift */ = {isa = PBXFileReference; lastKnownFileType = sourcecode.swift; path = ArtworkDetailView.swift; sourceTree = "<group>"; };
/* End PBXFileReference section */

/* Begin PBXFrameworksBuildPhase section */
		003444792C65D2D4000DEE79 /* Frameworks */ = {
			isa = PBXFrameworksBuildPhase;
			buildActionMask = 2147483647;
			files = (
			);
			runOnlyForDeploymentPostprocessing = 0;
		};
		003444892C65D2D6000DEE79 /* Frameworks */ = {
			isa = PBXFrameworksBuildPhase;
			buildActionMask = 2147483647;
			files = (
			);
			runOnlyForDeploymentPostprocessing = 0;
		};
		003444932C65D2D6000DEE79 /* Frameworks */ = {
			isa = PBXFrameworksBuildPhase;
			buildActionMask = 2147483647;
			files = (
			);
			runOnlyForDeploymentPostprocessing = 0;
		};
/* End PBXFrameworksBuildPhase section */

/* Begin PBXGroup section */
		003444732C65D2D4000DEE79 = {
			isa = PBXGroup;
			children = (
				0034447E2C65D2D4000DEE79 /* ArtWorks */,
				0034448F2C65D2D6000DEE79 /* ArtWorksTests */,
				003444992C65D2D6000DEE79 /* ArtWorksUITests */,
				0034447D2C65D2D4000DEE79 /* Products */,
			);
			sourceTree = "<group>";
		};
		0034447D2C65D2D4000DEE79 /* Products */ = {
			isa = PBXGroup;
			children = (
				0034447C2C65D2D4000DEE79 /* ArtWorks.app */,
				0034448C2C65D2D6000DEE79 /* ArtWorksTests.xctest */,
				003444962C65D2D6000DEE79 /* ArtWorksUITests.xctest */,
			);
			name = Products;
			sourceTree = "<group>";
		};
		0034447E2C65D2D4000DEE79 /* ArtWorks */ = {
			isa = PBXGroup;
			children = (
				003444AC2C65D344000DEE79 /* Models */,
				003444AB2C65D335000DEE79 /* ViewModels */,
				003444AA2C65D320000DEE79 /* Views */,
				0034447F2C65D2D4000DEE79 /* ArtWorksApp.swift */,
				003444832C65D2D6000DEE79 /* Assets.xcassets */,
				003444852C65D2D6000DEE79 /* Preview Content */,
			);
			path = ArtWorks;
			sourceTree = "<group>";
		};
		003444852C65D2D6000DEE79 /* Preview Content */ = {
			isa = PBXGroup;
			children = (
				003444862C65D2D6000DEE79 /* Preview Assets.xcassets */,
			);
			path = "Preview Content";
			sourceTree = "<group>";
		};
		0034448F2C65D2D6000DEE79 /* ArtWorksTests */ = {
			isa = PBXGroup;
			children = (
				003444902C65D2D6000DEE79 /* ArtWorksTests.swift */,
			);
			path = ArtWorksTests;
			sourceTree = "<group>";
		};
		003444992C65D2D6000DEE79 /* ArtWorksUITests */ = {
			isa = PBXGroup;
			children = (
				0034449A2C65D2D6000DEE79 /* ArtWorksUITests.swift */,
				0034449C2C65D2D6000DEE79 /* ArtWorksUITestsLaunchTests.swift */,
			);
			path = ArtWorksUITests;
			sourceTree = "<group>";
		};
		003444AA2C65D320000DEE79 /* Views */ = {
			isa = PBXGroup;
			children = (
				003444812C65D2D4000DEE79 /* ContentView.swift */,
				003444B12C690158000DEE79 /* ArtworkView.swift */,
				003444B32C69C954000DEE79 /* ArtworkDetailView.swift */,
			);
			path = Views;
			sourceTree = "<group>";
		};
		003444AB2C65D335000DEE79 /* ViewModels */ = {
			isa = PBXGroup;
			children = (
				003444AF2C68F0C0000DEE79 /* ArtworkViewModel.swift */,
			);
			path = ViewModels;
			sourceTree = "<group>";
		};
		003444AC2C65D344000DEE79 /* Models */ = {
			isa = PBXGroup;
			children = (
				003444AD2C68ECA0000DEE79 /* Artwork.swift */,
			);
			path = Models;
			sourceTree = "<group>";
		};
/* End PBXGroup section */

/* Begin PBXNativeTarget section */
		0034447B2C65D2D4000DEE79 /* ArtWorks */ = {
			isa = PBXNativeTarget;
			buildConfigurationList = 003444A02C65D2D6000DEE79 /* Build configuration list for PBXNativeTarget "ArtWorks" */;
			buildPhases = (
				003444782C65D2D4000DEE79 /* Sources */,
				003444792C65D2D4000DEE79 /* Frameworks */,
				0034447A2C65D2D4000DEE79 /* Resources */,
			);
			buildRules = (
			);
			dependencies = (
			);
			name = ArtWorks;
			productName = ArtWorks;
			productReference = 0034447C2C65D2D4000DEE79 /* ArtWorks.app */;
			productType = "com.apple.product-type.application";
		};
		0034448B2C65D2D6000DEE79 /* ArtWorksTests */ = {
			isa = PBXNativeTarget;
			buildConfigurationList = 003444A32C65D2D6000DEE79 /* Build configuration list for PBXNativeTarget "ArtWorksTests" */;
			buildPhases = (
				003444882C65D2D6000DEE79 /* Sources */,
				003444892C65D2D6000DEE79 /* Frameworks */,
				0034448A2C65D2D6000DEE79 /* Resources */,
			);
			buildRules = (
			);
			dependencies = (
				0034448E2C65D2D6000DEE79 /* PBXTargetDependency */,
			);
			name = ArtWorksTests;
			productName = ArtWorksTests;
			productReference = 0034448C2C65D2D6000DEE79 /* ArtWorksTests.xctest */;
			productType = "com.apple.product-type.bundle.unit-test";
		};
		003444952C65D2D6000DEE79 /* ArtWorksUITests */ = {
			isa = PBXNativeTarget;
			buildConfigurationList = 003444A62C65D2D6000DEE79 /* Build configuration list for PBXNativeTarget "ArtWorksUITests" */;
			buildPhases = (
				003444922C65D2D6000DEE79 /* Sources */,
				003444932C65D2D6000DEE79 /* Frameworks */,
				003444942C65D2D6000DEE79 /* Resources */,
			);
			buildRules = (
			);
			dependencies = (
				003444982C65D2D6000DEE79 /* PBXTargetDependency */,
			);
			name = ArtWorksUITests;
			productName = ArtWorksUITests;
			productReference = 003444962C65D2D6000DEE79 /* ArtWorksUITests.xctest */;
			productType = "com.apple.product-type.bundle.ui-testing";
		};
/* End PBXNativeTarget section */

/* Begin PBXProject section */
		003444742C65D2D4000DEE79 /* Project object */ = {
			isa = PBXProject;
			attributes = {
				BuildIndependentTargetsInParallel = 1;
				LastSwiftUpdateCheck = 1500;
				LastUpgradeCheck = 1500;
				TargetAttributes = {
					0034447B2C65D2D4000DEE79 = {
						CreatedOnToolsVersion = 15.0;
					};
					0034448B2C65D2D6000DEE79 = {
						CreatedOnToolsVersion = 15.0;
						TestTargetID = 0034447B2C65D2D4000DEE79;
					};
					003444952C65D2D6000DEE79 = {
						CreatedOnToolsVersion = 15.0;
						TestTargetID = 0034447B2C65D2D4000DEE79;
					};
				};
			};
			buildConfigurationList = 003444772C65D2D4000DEE79 /* Build configuration list for PBXProject "ArtWorks" */;
			compatibilityVersion = "Xcode 14.0";
			developmentRegion = en;
			hasScannedForEncodings = 0;
			knownRegions = (
				en,
				Base,
			);
			mainGroup = 003444732C65D2D4000DEE79;
			productRefGroup = 0034447D2C65D2D4000DEE79 /* Products */;
			projectDirPath = "";
			projectRoot = "";
			targets = (
				0034447B2C65D2D4000DEE79 /* ArtWorks */,
				0034448B2C65D2D6000DEE79 /* ArtWorksTests */,
				003444952C65D2D6000DEE79 /* ArtWorksUITests */,
			);
		};
/* End PBXProject section */

/* Begin PBXResourcesBuildPhase section */
		0034447A2C65D2D4000DEE79 /* Resources */ = {
			isa = PBXResourcesBuildPhase;
			buildActionMask = 2147483647;
			files = (
				003444872C65D2D6000DEE79 /* Preview Assets.xcassets in Resources */,
				003444842C65D2D6000DEE79 /* Assets.xcassets in Resources */,
			);
			runOnlyForDeploymentPostprocessing = 0;
		};
		0034448A2C65D2D6000DEE79 /* Resources */ = {
			isa = PBXResourcesBuildPhase;
			buildActionMask = 2147483647;
			files = (
			);
			runOnlyForDeploymentPostprocessing = 0;
		};
		003444942C65D2D6000DEE79 /* Resources */ = {
			isa = PBXResourcesBuildPhase;
			buildActionMask = 2147483647;
			files = (
			);
			runOnlyForDeploymentPostprocessing = 0;
		};
/* End PBXResourcesBuildPhase section */

/* Begin PBXSourcesBuildPhase section */
		003444782C65D2D4000DEE79 /* Sources */ = {
			isa = PBXSourcesBuildPhase;
			buildActionMask = 2147483647;
			files = (
				003444822C65D2D4000DEE79 /* ContentView.swift in Sources */,
				003444B22C690158000DEE79 /* ArtworkView.swift in Sources */,
				003444AE2C68ECA0000DEE79 /* Artwork.swift in Sources */,
				003444802C65D2D4000DEE79 /* ArtWorksApp.swift in Sources */,
				003444B42C69C954000DEE79 /* ArtworkDetailView.swift in Sources */,
				003444B02C68F0C0000DEE79 /* ArtworkViewModel.swift in Sources */,
			);
			runOnlyForDeploymentPostprocessing = 0;
		};
		003444882C65D2D6000DEE79 /* Sources */ = {
			isa = PBXSourcesBuildPhase;
			buildActionMask = 2147483647;
			files = (
				003444912C65D2D6000DEE79 /* ArtWorksTests.swift in Sources */,
			);
			runOnlyForDeploymentPostprocessing = 0;
		};
		003444922C65D2D6000DEE79 /* Sources */ = {
			isa = PBXSourcesBuildPhase;
			buildActionMask = 2147483647;
			files = (
				0034449D2C65D2D6000DEE79 /* ArtWorksUITestsLaunchTests.swift in Sources */,
				0034449B2C65D2D6000DEE79 /* ArtWorksUITests.swift in Sources */,
			);
			runOnlyForDeploymentPostprocessing = 0;
		};
/* End PBXSourcesBuildPhase section */

/* Begin PBXTargetDependency section */
		0034448E2C65D2D6000DEE79 /* PBXTargetDependency */ = {
			isa = PBXTargetDependency;
			target = 0034447B2C65D2D4000DEE79 /* ArtWorks */;
			targetProxy = 0034448D2C65D2D6000DEE79 /* PBXContainerItemProxy */;
		};
		003444982C65D2D6000DEE79 /* PBXTargetDependency */ = {
			isa = PBXTargetDependency;
			target = 0034447B2C65D2D4000DEE79 /* ArtWorks */;
			targetProxy = 003444972C65D2D6000DEE79 /* PBXContainerItemProxy */;
		};
/* End PBXTargetDependency section */

/* Begin XCBuildConfiguration section */
		0034449E2C65D2D6000DEE79 /* Debug */ = {
			isa = XCBuildConfiguration;
			buildSettings = {
				ALWAYS_SEARCH_USER_PATHS = NO;
				ASSETCATALOG_COMPILER_GENERATE_SWIFT_ASSET_SYMBOL_EXTENSIONS = YES;
				CLANG_ANALYZER_NONNULL = YES;
				CLANG_ANALYZER_NUMBER_OBJECT_CONVERSION = YES_AGGRESSIVE;
				CLANG_CXX_LANGUAGE_STANDARD = "gnu++20";
				CLANG_ENABLE_MODULES = YES;
				CLANG_ENABLE_OBJC_ARC = YES;
				CLANG_ENABLE_OBJC_WEAK = YES;
				CLANG_WARN_BLOCK_CAPTURE_AUTORELEASING = YES;
				CLANG_WARN_BOOL_CONVERSION = YES;
				CLANG_WARN_COMMA = YES;
				CLANG_WARN_CONSTANT_CONVERSION = YES;
				CLANG_WARN_DEPRECATED_OBJC_IMPLEMENTATIONS = YES;
				CLANG_WARN_DIRECT_OBJC_ISA_USAGE = YES_ERROR;
				CLANG_WARN_DOCUMENTATION_COMMENTS = YES;
				CLANG_WARN_EMPTY_BODY = YES;
				CLANG_WARN_ENUM_CONVERSION = YES;
				CLANG_WARN_INFINITE_RECURSION = YES;
				CLANG_WARN_INT_CONVERSION = YES;
				CLANG_WARN_NON_LITERAL_NULL_CONVERSION = YES;
				CLANG_WARN_OBJC_IMPLICIT_RETAIN_SELF = YES;
				CLANG_WARN_OBJC_LITERAL_CONVERSION = YES;
				CLANG_WARN_OBJC_ROOT_CLASS = YES_ERROR;
				CLANG_WARN_QUOTED_INCLUDE_IN_FRAMEWORK_HEADER = YES;
				CLANG_WARN_RANGE_LOOP_ANALYSIS = YES;
				CLANG_WARN_STRICT_PROTOTYPES = YES;
				CLANG_WARN_SUSPICIOUS_MOVE = YES;
				CLANG_WARN_UNGUARDED_AVAILABILITY = YES_AGGRESSIVE;
				CLANG_WARN_UNREACHABLE_CODE = YES;
				CLANG_WARN__DUPLICATE_METHOD_MATCH = YES;
				COPY_PHASE_STRIP = NO;
				DEBUG_INFORMATION_FORMAT = dwarf;
				ENABLE_STRICT_OBJC_MSGSEND = YES;
				ENABLE_TESTABILITY = YES;
				ENABLE_USER_SCRIPT_SANDBOXING = YES;
				GCC_C_LANGUAGE_STANDARD = gnu17;
				GCC_DYNAMIC_NO_PIC = NO;
				GCC_NO_COMMON_BLOCKS = YES;
				GCC_OPTIMIZATION_LEVEL = 0;
				GCC_PREPROCESSOR_DEFINITIONS = (
					"DEBUG=1",
					"$(inherited)",
				);
				GCC_WARN_64_TO_32_BIT_CONVERSION = YES;
				GCC_WARN_ABOUT_RETURN_TYPE = YES_ERROR;
				GCC_WARN_UNDECLARED_SELECTOR = YES;
				GCC_WARN_UNINITIALIZED_AUTOS = YES_AGGRESSIVE;
				GCC_WARN_UNUSED_FUNCTION = YES;
				GCC_WARN_UNUSED_VARIABLE = YES;
				IPHONEOS_DEPLOYMENT_TARGET = 17.0;
				LOCALIZATION_PREFERS_STRING_CATALOGS = YES;
				MTL_ENABLE_DEBUG_INFO = INCLUDE_SOURCE;
				MTL_FAST_MATH = YES;
				ONLY_ACTIVE_ARCH = YES;
				SDKROOT = iphoneos;
				SWIFT_ACTIVE_COMPILATION_CONDITIONS = "DEBUG $(inherited)";
				SWIFT_OPTIMIZATION_LEVEL = "-Onone";
			};
			name = Debug;
		};
		0034449F2C65D2D6000DEE79 /* Release */ = {
			isa = XCBuildConfiguration;
			buildSettings = {
				ALWAYS_SEARCH_USER_PATHS = NO;
				ASSETCATALOG_COMPILER_GENERATE_SWIFT_ASSET_SYMBOL_EXTENSIONS = YES;
				CLANG_ANALYZER_NONNULL = YES;
				CLANG_ANALYZER_NUMBER_OBJECT_CONVERSION = YES_AGGRESSIVE;
				CLANG_CXX_LANGUAGE_STANDARD = "gnu++20";
				CLANG_ENABLE_MODULES = YES;
				CLANG_ENABLE_OBJC_ARC = YES;
				CLANG_ENABLE_OBJC_WEAK = YES;
				CLANG_WARN_BLOCK_CAPTURE_AUTORELEASING = YES;
				CLANG_WARN_BOOL_CONVERSION = YES;
				CLANG_WARN_COMMA = YES;
				CLANG_WARN_CONSTANT_CONVERSION = YES;
				CLANG_WARN_DEPRECATED_OBJC_IMPLEMENTATIONS = YES;
				CLANG_WARN_DIRECT_OBJC_ISA_USAGE = YES_ERROR;
				CLANG_WARN_DOCUMENTATION_COMMENTS = YES;
				CLANG_WARN_EMPTY_BODY = YES;
				CLANG_WARN_ENUM_CONVERSION = YES;
				CLANG_WARN_INFINITE_RECURSION = YES;
				CLANG_WARN_INT_CONVERSION = YES;
				CLANG_WARN_NON_LITERAL_NULL_CONVERSION = YES;
				CLANG_WARN_OBJC_IMPLICIT_RETAIN_SELF = YES;
				CLANG_WARN_OBJC_LITERAL_CONVERSION = YES;
				CLANG_WARN_OBJC_ROOT_CLASS = YES_ERROR;
				CLANG_WARN_QUOTED_INCLUDE_IN_FRAMEWORK_HEADER = YES;
				CLANG_WARN_RANGE_LOOP_ANALYSIS = YES;
				CLANG_WARN_STRICT_PROTOTYPES = YES;
				CLANG_WARN_SUSPICIOUS_MOVE = YES;
				CLANG_WARN_UNGUARDED_AVAILABILITY = YES_AGGRESSIVE;
				CLANG_WARN_UNREACHABLE_CODE = YES;
				CLANG_WARN__DUPLICATE_METHOD_MATCH = YES;
				COPY_PHASE_STRIP = NO;
				DEBUG_INFORMATION_FORMAT = "dwarf-with-dsym";
				ENABLE_NS_ASSERTIONS = NO;
				ENABLE_STRICT_OBJC_MSGSEND = YES;
				ENABLE_USER_SCRIPT_SANDBOXING = YES;
				GCC_C_LANGUAGE_STANDARD = gnu17;
				GCC_NO_COMMON_BLOCKS = YES;
				GCC_WARN_64_TO_32_BIT_CONVERSION = YES;
				GCC_WARN_ABOUT_RETURN_TYPE = YES_ERROR;
				GCC_WARN_UNDECLARED_SELECTOR = YES;
				GCC_WARN_UNINITIALIZED_AUTOS = YES_AGGRESSIVE;
				GCC_WARN_UNUSED_FUNCTION = YES;
				GCC_WARN_UNUSED_VARIABLE = YES;
				IPHONEOS_DEPLOYMENT_TARGET = 17.0;
				LOCALIZATION_PREFERS_STRING_CATALOGS = YES;
				MTL_ENABLE_DEBUG_INFO = NO;
				MTL_FAST_MATH = YES;
				SDKROOT = iphoneos;
				SWIFT_COMPILATION_MODE = wholemodule;
				VALIDATE_PRODUCT = YES;
			};
			name = Release;
		};
		003444A12C65D2D6000DEE79 /* Debug */ = {
			isa = XCBuildConfiguration;
			buildSettings = {
				ASSETCATALOG_COMPILER_APPICON_NAME = AppIcon;
				ASSETCATALOG_COMPILER_GLOBAL_ACCENT_COLOR_NAME = AccentColor;
				CODE_SIGN_STYLE = Automatic;
				CURRENT_PROJECT_VERSION = 1;
				DEVELOPMENT_ASSET_PATHS = "\"ArtWorks/Preview Content\"";
				ENABLE_PREVIEWS = YES;
				GENERATE_INFOPLIST_FILE = YES;
				INFOPLIST_KEY_UIApplicationSceneManifest_Generation = YES;
				INFOPLIST_KEY_UIApplicationSupportsIndirectInputEvents = YES;
				INFOPLIST_KEY_UILaunchScreen_Generation = YES;
				INFOPLIST_KEY_UISupportedInterfaceOrientations_iPad = "UIInterfaceOrientationPortrait UIInterfaceOrientationPortraitUpsideDown UIInterfaceOrientationLandscapeLeft UIInterfaceOrientationLandscapeRight";
				INFOPLIST_KEY_UISupportedInterfaceOrientations_iPhone = "UIInterfaceOrientationPortrait UIInterfaceOrientationLandscapeLeft UIInterfaceOrientationLandscapeRight";
				LD_RUNPATH_SEARCH_PATHS = (
					"$(inherited)",
					"@executable_path/Frameworks",
				);
				MARKETING_VERSION = 1.0;
				PRODUCT_BUNDLE_IDENTIFIER = SWS.ArtWorks;
				PRODUCT_NAME = "$(TARGET_NAME)";
				SWIFT_EMIT_LOC_STRINGS = YES;
				SWIFT_VERSION = 5.0;
				TARGETED_DEVICE_FAMILY = "1,2";
			};
			name = Debug;
		};
		003444A22C65D2D6000DEE79 /* Release */ = {
			isa = XCBuildConfiguration;
			buildSettings = {
				ASSETCATALOG_COMPILER_APPICON_NAME = AppIcon;
				ASSETCATALOG_COMPILER_GLOBAL_ACCENT_COLOR_NAME = AccentColor;
				CODE_SIGN_STYLE = Automatic;
				CURRENT_PROJECT_VERSION = 1;
				DEVELOPMENT_ASSET_PATHS = "\"ArtWorks/Preview Content\"";
				ENABLE_PREVIEWS = YES;
				GENERATE_INFOPLIST_FILE = YES;
				INFOPLIST_KEY_UIApplicationSceneManifest_Generation = YES;
				INFOPLIST_KEY_UIApplicationSupportsIndirectInputEvents = YES;
				INFOPLIST_KEY_UILaunchScreen_Generation = YES;
				INFOPLIST_KEY_UISupportedInterfaceOrientations_iPad = "UIInterfaceOrientationPortrait UIInterfaceOrientationPortraitUpsideDown UIInterfaceOrientationLandscapeLeft UIInterfaceOrientationLandscapeRight";
				INFOPLIST_KEY_UISupportedInterfaceOrientations_iPhone = "UIInterfaceOrientationPortrait UIInterfaceOrientationLandscapeLeft UIInterfaceOrientationLandscapeRight";
				LD_RUNPATH_SEARCH_PATHS = (
					"$(inherited)",
					"@executable_path/Frameworks",
				);
				MARKETING_VERSION = 1.0;
				PRODUCT_BUNDLE_IDENTIFIER = SWS.ArtWorks;
				PRODUCT_NAME = "$(TARGET_NAME)";
				SWIFT_EMIT_LOC_STRINGS = YES;
				SWIFT_VERSION = 5.0;
				TARGETED_DEVICE_FAMILY = "1,2";
			};
			name = Release;
		};
		003444A42C65D2D6000DEE79 /* Debug */ = {
			isa = XCBuildConfiguration;
			buildSettings = {
				ALWAYS_EMBED_SWIFT_STANDARD_LIBRARIES = YES;
				BUNDLE_LOADER = "$(TEST_HOST)";
				CODE_SIGN_STYLE = Automatic;
				CURRENT_PROJECT_VERSION = 1;
				GENERATE_INFOPLIST_FILE = YES;
				IPHONEOS_DEPLOYMENT_TARGET = 17.0;
				MARKETING_VERSION = 1.0;
				PRODUCT_BUNDLE_IDENTIFIER = SWS.ArtWorksTests;
				PRODUCT_NAME = "$(TARGET_NAME)";
				SWIFT_EMIT_LOC_STRINGS = NO;
				SWIFT_VERSION = 5.0;
				TARGETED_DEVICE_FAMILY = "1,2";
				TEST_HOST = "$(BUILT_PRODUCTS_DIR)/ArtWorks.app/$(BUNDLE_EXECUTABLE_FOLDER_PATH)/ArtWorks";
			};
			name = Debug;
		};
		003444A52C65D2D6000DEE79 /* Release */ = {
			isa = XCBuildConfiguration;
			buildSettings = {
				ALWAYS_EMBED_SWIFT_STANDARD_LIBRARIES = YES;
				BUNDLE_LOADER = "$(TEST_HOST)";
				CODE_SIGN_STYLE = Automatic;
				CURRENT_PROJECT_VERSION = 1;
				GENERATE_INFOPLIST_FILE = YES;
				IPHONEOS_DEPLOYMENT_TARGET = 17.0;
				MARKETING_VERSION = 1.0;
				PRODUCT_BUNDLE_IDENTIFIER = SWS.ArtWorksTests;
				PRODUCT_NAME = "$(TARGET_NAME)";
				SWIFT_EMIT_LOC_STRINGS = NO;
				SWIFT_VERSION = 5.0;
				TARGETED_DEVICE_FAMILY = "1,2";
				TEST_HOST = "$(BUILT_PRODUCTS_DIR)/ArtWorks.app/$(BUNDLE_EXECUTABLE_FOLDER_PATH)/ArtWorks";
			};
			name = Release;
		};
		003444A72C65D2D6000DEE79 /* Debug */ = {
			isa = XCBuildConfiguration;
			buildSettings = {
				ALWAYS_EMBED_SWIFT_STANDARD_LIBRARIES = YES;
				CODE_SIGN_STYLE = Automatic;
				CURRENT_PROJECT_VERSION = 1;
				GENERATE_INFOPLIST_FILE = YES;
				MARKETING_VERSION = 1.0;
				PRODUCT_BUNDLE_IDENTIFIER = SWS.ArtWorksUITests;
				PRODUCT_NAME = "$(TARGET_NAME)";
				SWIFT_EMIT_LOC_STRINGS = NO;
				SWIFT_VERSION = 5.0;
				TARGETED_DEVICE_FAMILY = "1,2";
				TEST_TARGET_NAME = ArtWorks;
			};
			name = Debug;
		};
		003444A82C65D2D6000DEE79 /* Release */ = {
			isa = XCBuildConfiguration;
			buildSettings = {
				ALWAYS_EMBED_SWIFT_STANDARD_LIBRARIES = YES;
				CODE_SIGN_STYLE = Automatic;
				CURRENT_PROJECT_VERSION = 1;
				GENERATE_INFOPLIST_FILE = YES;
				MARKETING_VERSION = 1.0;
				PRODUCT_BUNDLE_IDENTIFIER = SWS.ArtWorksUITests;
				PRODUCT_NAME = "$(TARGET_NAME)";
				SWIFT_EMIT_LOC_STRINGS = NO;
				SWIFT_VERSION = 5.0;
				TARGETED_DEVICE_FAMILY = "1,2";
				TEST_TARGET_NAME = ArtWorks;
			};
			name = Release;
		};
/* End XCBuildConfiguration section */

/* Begin XCConfigurationList section */
		003444772C65D2D4000DEE79 /* Build configuration list for PBXProject "ArtWorks" */ = {
			isa = XCConfigurationList;
			buildConfigurations = (
				0034449E2C65D2D6000DEE79 /* Debug */,
				0034449F2C65D2D6000DEE79 /* Release */,
			);
			defaultConfigurationIsVisible = 0;
			defaultConfigurationName = Release;
		};
		003444A02C65D2D6000DEE79 /* Build configuration list for PBXNativeTarget "ArtWorks" */ = {
			isa = XCConfigurationList;
			buildConfigurations = (
				003444A12C65D2D6000DEE79 /* Debug */,
				003444A22C65D2D6000DEE79 /* Release */,
			);
			defaultConfigurationIsVisible = 0;
			defaultConfigurationName = Release;
		};
		003444A32C65D2D6000DEE79 /* Build configuration list for PBXNativeTarget "ArtWorksTests" */ = {
			isa = XCConfigurationList;
			buildConfigurations = (
				003444A42C65D2D6000DEE79 /* Debug */,
				003444A52C65D2D6000DEE79 /* Release */,
			);
			defaultConfigurationIsVisible = 0;
			defaultConfigurationName = Release;
		};
		003444A62C65D2D6000DEE79 /* Build configuration list for PBXNativeTarget "ArtWorksUITests" */ = {
			isa = XCConfigurationList;
			buildConfigurations = (
				003444A72C65D2D6000DEE79 /* Debug */,
				003444A82C65D2D6000DEE79 /* Release */,
			);
			defaultConfigurationIsVisible = 0;
			defaultConfigurationName = Release;
		};
/* End XCConfigurationList section */
	};
	rootObject = 003444742C65D2D4000DEE79 /* Project object */;
}
